{
  "name": "lithe-jenkinsfile",
  "version": "0.1.2",
  "lockfileVersion": 3,
  "requires": true,
  "packages": {
    "": {
      "name": "lithe-jenkinsfile",
      "version": "0.1.2",
      "license": "Apache-2.0",
      "devDependencies": {
        "tree-sitter-cli": "0.27.0",
        "web-tree-sitter": "0.27.0"
      }
    },
    "node_modules/tree-sitter-cli": {
      "version": "0.27.0",
      "resolved": "https://registry.npmmirror.com/tree-sitter-cli/-/tree-sitter-cli-0.27.0.tgz",
      "integrity": "sha512-E42kR0og1mFlZBxPj7K4fBXCTjxPTGe19U9RXGWNq0FQKzXOxIp8bhCYFMKhddiVZUsJwW35MYGU9Q1oVYtpbA==",
      "dev": true,
      "hasInstallScript": true,
      "license": "MIT",
      "bin": {
        "tree-sitter": "cli.js"
      },
      "engines": {
        "node": ">=12.0.0"
      }
    },
    "node_modules/web-tree-sitter": {
      "version": "0.27.0",
      "resolved": "https://registry.npmmirror.com/web-tree-sitter/-/web-tree-sitter-0.27.0.tgz",
      "integrity": "sha512-XK08gj6RwTMQatAG7uVRP8MunqotL/XC19vHgkSPKmELgbGPBj4ECvB8haHOUnyj6ls2B8t42UTro14zxGgAHg==",
      "dev": true,
      "license": "MIT"
    }
  }
}
